// !$*UTF8*$!
{
	archiveVersion = 1;
	classes = {
	};
	objectVersion = 77;
	objects = {

/* Begin PBXBuildFile section */
		2F9139BC2D25574C005739A1 /* AppDelegate.swift in Sources */ = {isa = PBXBuildFile; fileRef = 2F9139B22D25574C005739A1 /* AppDelegate.swift */; };
		2F9139BD2D25574C005739A1 /* SceneDelegate.swift in Sources */ = {isa = PBXBuildFile; fileRef = 2F9139B92D25574C005739A1 /* SceneDelegate.swift */; };
		2F9139BF2D25574C005739A1 /* Assets.xcassets in Resources */ = {isa = PBXBuildFile; fileRef = 2F9139B32D25574C005739A1 /* Assets.xcassets */; };
		2F9139CF2D255AB8005739A1 /* HomeViewController.swift in Sources */ = {isa = PBXBuildFile; fileRef = 2F9139CA2D255AB8005739A1 /* HomeViewController.swift */; };
		2F9139D02D255AB8005739A1 /* LibraryViewController.swift in Sources */ = {isa = PBXBuildFile; fileRef = 2F9139CB2D255AB8005739A1 /* LibraryViewController.swift */; };
		2F9139D12D255AB8005739A1 /* SearchViewController.swift in Sources */ = {isa = PBXBuildFile; fileRef = 2F9139CC2D255AB8005739A1 /* SearchViewController.swift */; };
		2F9139D22D255AB8005739A1 /* TabBarViewController.swift in Sources */ = {isa = PBXBuildFile; fileRef = 2F9139CD2D255AB8005739A1 /* TabBarViewController.swift */; };
		2F9139DE2D255B40005739A1 /* AuthViewController.swift in Sources */ = {isa = PBXBuildFile; fileRef = 2F9139DA2D255B40005739A1 /* AuthViewController.swift */; };
		2F9139DF2D255B40005739A1 /* SettingsViewController.swift in Sources */ = {isa = PBXBuildFile; fileRef = 2F9139DB2D255B40005739A1 /* SettingsViewController.swift */; };
		2F9139E02D255B40005739A1 /* WelcomeViewController.swift in Sources */ = {isa = PBXBuildFile; fileRef = 2F9139DC2D255B40005739A1 /* WelcomeViewController.swift */; };
		2F9139E22D255B58005739A1 /* ProfileViewController.swift in Sources */ = {isa = PBXBuildFile; fileRef = 2F9139E12D255B58005739A1 /* ProfileViewController.swift */; };
		2F9139E42D255B81005739A1 /* PlayerViewController.swift in Sources */ = {isa = PBXBuildFile; fileRef = 2F9139E32D255B81005739A1 /* PlayerViewController.swift */; };
		2F9139E62D255B8D005739A1 /* PlaylistViewController.swift in Sources */ = {isa = PBXBuildFile; fileRef = 2F9139E52D255B8D005739A1 /* PlaylistViewController.swift */; };
		2F9139E82D255BC0005739A1 /* SearchResultViewController.swift in Sources */ = {isa = PBXBuildFile; fileRef = 2F9139E72D255BC0005739A1 /* SearchResultViewController.swift */; };
		2F9139EA2D255C23005739A1 /* AuthManager.swift in Sources */ = {isa = PBXBuildFile; fileRef = 2F9139E92D255C23005739A1 /* AuthManager.swift */; };
		2F9139EC2D255C38005739A1 /* APICaller.swift in Sources */ = {isa = PBXBuildFile; fileRef = 2F9139EB2D255C38005739A1 /* APICaller.swift */; };
		2F9139EE2D255C55005739A1 /* HapticsManager.swift in Sources */ = {isa = PBXBuildFile; fileRef = 2F9139ED2D255C55005739A1 /* HapticsManager.swift */; };
		2F9139F02D255C98005739A1 /* Playlist.swift in Sources */ = {isa = PBXBuildFile; fileRef = 2F9139EF2D255C98005739A1 /* Playlist.swift */; };
		2F9139F22D255CCE005739A1 /* AudioTrack.swift in Sources */ = {isa = PBXBuildFile; fileRef = 2F9139F12D255CCE005739A1 /* AudioTrack.swift */; };
		2F9139F42D255CDF005739A1 /* Artist.swift in Sources */ = {isa = PBXBuildFile; fileRef = 2F9139F32D255CDF005739A1 /* Artist.swift */; };
		2F9139F62D255CF0005739A1 /* UserProfile.swift in Sources */ = {isa = PBXBuildFile; fileRef = 2F9139F52D255CF0005739A1 /* UserProfile.swift */; };
/* End PBXBuildFile section */

/* Begin PBXFileReference section */
		2F91398E2D255662005739A1 /* Spotify.app */ = {isa = PBXFileReference; explicitFileType = wrapper.application; includeInIndex = 0; path = Spotify.app; sourceTree = BUILT_PRODUCTS_DIR; };
		2F9139B22D25574C005739A1 /* AppDelegate.swift */ = {isa = PBXFileReference; lastKnownFileType = sourcecode.swift; path = AppDelegate.swift; sourceTree = "<group>"; };
		2F9139B32D25574C005739A1 /* Assets.xcassets */ = {isa = PBXFileReference; lastKnownFileType = folder.assetcatalog; path = Assets.xcassets; sourceTree = "<group>"; };
		2F9139B42D25574C005739A1 /* Info.plist */ = {isa = PBXFileReference; lastKnownFileType = text.plist.xml; path = Info.plist; sourceTree = "<group>"; };
		2F9139B92D25574C005739A1 /* SceneDelegate.swift */ = {isa = PBXFileReference; lastKnownFileType = sourcecode.swift; path = SceneDelegate.swift; sourceTree = "<group>"; };
		2F9139CA2D255AB8005739A1 /* HomeViewController.swift */ = {isa = PBXFileReference; lastKnownFileType = sourcecode.swift; path = HomeViewController.swift; sourceTree = "<group>"; };
		2F9139CB2D255AB8005739A1 /* LibraryViewController.swift */ = {isa = PBXFileReference; lastKnownFileType = sourcecode.swift; path = LibraryViewController.swift; sourceTree = "<group>"; };
		2F9139CC2D255AB8005739A1 /* SearchViewController.swift */ = {isa = PBXFileReference; lastKnownFileType = sourcecode.swift; path = SearchViewController.swift; sourceTree = "<group>"; };
		2F9139CD2D255AB8005739A1 /* TabBarViewController.swift */ = {isa = PBXFileReference; lastKnownFileType = sourcecode.swift; path = TabBarViewController.swift; sourceTree = "<group>"; };
		2F9139DA2D255B40005739A1 /* AuthViewController.swift */ = {isa = PBXFileReference; lastKnownFileType = sourcecode.swift; path = AuthViewController.swift; sourceTree = "<group>"; };
		2F9139DB2D255B40005739A1 /* SettingsViewController.swift */ = {isa = PBXFileReference; lastKnownFileType = sourcecode.swift; path = SettingsViewController.swift; sourceTree = "<group>"; };
		2F9139DC2D255B40005739A1 /* WelcomeViewController.swift */ = {isa = PBXFileReference; lastKnownFileType = sourcecode.swift; path = WelcomeViewController.swift; sourceTree = "<group>"; };
		2F9139E12D255B58005739A1 /* ProfileViewController.swift */ = {isa = PBXFileReference; lastKnownFileType = sourcecode.swift; path = ProfileViewController.swift; sourceTree = "<group>"; };
		2F9139E32D255B81005739A1 /* PlayerViewController.swift */ = {isa = PBXFileReference; lastKnownFileType = sourcecode.swift; path = PlayerViewController.swift; sourceTree = "<group>"; };
		2F9139E52D255B8D005739A1 /* PlaylistViewController.swift */ = {isa = PBXFileReference; lastKnownFileType = sourcecode.swift; path = PlaylistViewController.swift; sourceTree = "<group>"; };
		2F9139E72D255BC0005739A1 /* SearchResultViewController.swift */ = {isa = PBXFileReference; lastKnownFileType = sourcecode.swift; path = SearchResultViewController.swift; sourceTree = "<group>"; };
		2F9139E92D255C23005739A1 /* AuthManager.swift */ = {isa = PBXFileReference; lastKnownFileType = sourcecode.swift; path = AuthManager.swift; sourceTree = "<group>"; };
		2F9139EB2D255C38005739A1 /* APICaller.swift */ = {isa = PBXFileReference; lastKnownFileType = sourcecode.swift; path = APICaller.swift; sourceTree = "<group>"; };
		2F9139ED2D255C55005739A1 /* HapticsManager.swift */ = {isa = PBXFileReference; lastKnownFileType = sourcecode.swift; path = HapticsManager.swift; sourceTree = "<group>"; };
		2F9139EF2D255C98005739A1 /* Playlist.swift */ = {isa = PBXFileReference; lastKnownFileType = sourcecode.swift; path = Playlist.swift; sourceTree = "<group>"; };
		2F9139F12D255CCE005739A1 /* AudioTrack.swift */ = {isa = PBXFileReference; lastKnownFileType = sourcecode.swift; path = AudioTrack.swift; sourceTree = "<group>"; };
		2F9139F32D255CDF005739A1 /* Artist.swift */ = {isa = PBXFileReference; lastKnownFileType = sourcecode.swift; path = Artist.swift; sourceTree = "<group>"; };
		2F9139F52D255CF0005739A1 /* UserProfile.swift */ = {isa = PBXFileReference; lastKnownFileType = sourcecode.swift; path = UserProfile.swift; sourceTree = "<group>"; };
/* End PBXFileReference section */

/* Begin PBXFrameworksBuildPhase section */
		2F91398B2D255662005739A1 /* Frameworks */ = {
			isa = PBXFrameworksBuildPhase;
			buildActionMask = 2147483647;
			files = (
			);
			runOnlyForDeploymentPostprocessing = 0;
		};
/* End PBXFrameworksBuildPhase section */

/* Begin PBXGroup section */
		2F9139852D255662005739A1 = {
			isa = PBXGroup;
			children = (
				2F9139BB2D25574C005739A1 /* Spotify */,
				2F91398F2D255662005739A1 /* Products */,
			);
			sourceTree = "<group>";
		};
		2F91398F2D255662005739A1 /* Products */ = {
			isa = PBXGroup;
			children = (
				2F91398E2D255662005739A1 /* Spotify.app */,
			);
			name = Products;
			sourceTree = "<group>";
		};
		2F9139AC2D25574C005739A1 /* Controllers */ = {
			isa = PBXGroup;
			children = (
				2F9139DD2D255B40005739A1 /* Other */,
				2F9139CE2D255AB8005739A1 /* Core */,
			);
			path = Controllers;
			sourceTree = "<group>";
		};
		2F9139AD2D25574C005739A1 /* Managers */ = {
			isa = PBXGroup;
			children = (
				2F9139E92D255C23005739A1 /* AuthManager.swift */,
				2F9139EB2D255C38005739A1 /* APICaller.swift */,
				2F9139ED2D255C55005739A1 /* HapticsManager.swift */,
			);
			path = Managers;
			sourceTree = "<group>";
		};
		2F9139AE2D25574C005739A1 /* Models */ = {
			isa = PBXGroup;
			children = (
				2F9139EF2D255C98005739A1 /* Playlist.swift */,
				2F9139F12D255CCE005739A1 /* AudioTrack.swift */,
				2F9139F32D255CDF005739A1 /* Artist.swift */,
				2F9139F52D255CF0005739A1 /* UserProfile.swift */,
			);
			path = Models;
			sourceTree = "<group>";
		};
		2F9139AF2D25574C005739A1 /* Resources */ = {
			isa = PBXGroup;
			children = (
				2F9139B32D25574C005739A1 /* Assets.xcassets */,
				2F9139B22D25574C005739A1 /* AppDelegate.swift */,
				2F9139B92D25574C005739A1 /* SceneDelegate.swift */,
			);
			path = Resources;
			sourceTree = "<group>";
		};
		2F9139B02D25574C005739A1 /* ViewModels */ = {
			isa = PBXGroup;
			children = (
			);
			path = ViewModels;
			sourceTree = "<group>";
		};
		2F9139B12D25574C005739A1 /* Views */ = {
			isa = PBXGroup;
			children = (
			);
			path = Views;
			sourceTree = "<group>";
		};
		2F9139BB2D25574C005739A1 /* Spotify */ = {
			isa = PBXGroup;
			children = (
				2F9139AF2D25574C005739A1 /* Resources */,
				2F9139AD2D25574C005739A1 /* Managers */,
				2F9139B02D25574C005739A1 /* ViewModels */,
				2F9139AE2D25574C005739A1 /* Models */,
				2F9139B12D25574C005739A1 /* Views */,
				2F9139AC2D25574C005739A1 /* Controllers */,
				2F9139B42D25574C005739A1 /* Info.plist */,
			);
			path = Spotify;
			sourceTree = "<group>";
		};
		2F9139CE2D255AB8005739A1 /* Core */ = {
			isa = PBXGroup;
			children = (
				2F9139CD2D255AB8005739A1 /* TabBarViewController.swift */,
				2F9139CA2D255AB8005739A1 /* HomeViewController.swift */,
				2F9139CB2D255AB8005739A1 /* LibraryViewController.swift */,
				2F9139CC2D255AB8005739A1 /* SearchViewController.swift */,
			);
			path = Core;
			sourceTree = "<group>";
		};
		2F9139DD2D255B40005739A1 /* Other */ = {
			isa = PBXGroup;
			children = (
				2F9139DA2D255B40005739A1 /* AuthViewController.swift */,
				2F9139DC2D255B40005739A1 /* WelcomeViewController.swift */,
				2F9139DB2D255B40005739A1 /* SettingsViewController.swift */,
				2F9139E12D255B58005739A1 /* ProfileViewController.swift */,
				2F9139E32D255B81005739A1 /* PlayerViewController.swift */,
				2F9139E52D255B8D005739A1 /* PlaylistViewController.swift */,
				2F9139E72D255BC0005739A1 /* SearchResultViewController.swift */,
			);
			path = Other;
			sourceTree = "<group>";
		};
/* End PBXGroup section */

/* Begin PBXNativeTarget section */
		2F91398D2D255662005739A1 /* Spotify */ = {
			isa = PBXNativeTarget;
			buildConfigurationList = 2F9139A12D255665005739A1 /* Build configuration list for PBXNativeTarget "Spotify" */;
			buildPhases = (
				2F91398A2D255662005739A1 /* Sources */,
				2F91398B2D255662005739A1 /* Frameworks */,
				2F91398C2D255662005739A1 /* Resources */,
			);
			buildRules = (
			);
			dependencies = (
			);
			name = Spotify;
			packageProductDependencies = (
			);
			productName = Spotify;
			productReference = 2F91398E2D255662005739A1 /* Spotify.app */;
			productType = "com.apple.product-type.application";
		};
/* End PBXNativeTarget section */

/* Begin PBXProject section */
		2F9139862D255662005739A1 /* Project object */ = {
			isa = PBXProject;
			attributes = {
				BuildIndependentTargetsInParallel = 1;
				LastSwiftUpdateCheck = 1610;
				LastUpgradeCheck = 1610;
				TargetAttributes = {
					2F91398D2D255662005739A1 = {
						CreatedOnToolsVersion = 16.1;
					};
				};
			};
			buildConfigurationList = 2F9139892D255662005739A1 /* Build configuration list for PBXProject "Spotify" */;
			developmentRegion = en;
			hasScannedForEncodings = 0;
			knownRegions = (
				en,
				Base,
			);
			mainGroup = 2F9139852D255662005739A1;
			minimizedProjectReferenceProxies = 1;
			preferredProjectObjectVersion = 77;
			productRefGroup = 2F91398F2D255662005739A1 /* Products */;
			projectDirPath = "";
			projectRoot = "";
			targets = (
				2F91398D2D255662005739A1 /* Spotify */,
			);
		};
/* End PBXProject section */

/* Begin PBXResourcesBuildPhase section */
		2F91398C2D255662005739A1 /* Resources */ = {
			isa = PBXResourcesBuildPhase;
			buildActionMask = 2147483647;
			files = (
				2F9139BF2D25574C005739A1 /* Assets.xcassets in Resources */,
			);
			runOnlyForDeploymentPostprocessing = 0;
		};
/* End PBXResourcesBuildPhase section */

/* Begin PBXSourcesBuildPhase section */
		2F91398A2D255662005739A1 /* Sources */ = {
			isa = PBXSourcesBuildPhase;
			buildActionMask = 2147483647;
			files = (
				2F9139BC2D25574C005739A1 /* AppDelegate.swift in Sources */,
				2F9139F02D255C98005739A1 /* Playlist.swift in Sources */,
				2F9139EA2D255C23005739A1 /* AuthManager.swift in Sources */,
				2F9139BD2D25574C005739A1 /* SceneDelegate.swift in Sources */,
				2F9139E22D255B58005739A1 /* ProfileViewController.swift in Sources */,
				2F9139CF2D255AB8005739A1 /* HomeViewController.swift in Sources */,
				2F9139D02D255AB8005739A1 /* LibraryViewController.swift in Sources */,
				2F9139EE2D255C55005739A1 /* HapticsManager.swift in Sources */,
				2F9139F22D255CCE005739A1 /* AudioTrack.swift in Sources */,
				2F9139D12D255AB8005739A1 /* SearchViewController.swift in Sources */,
				2F9139D22D255AB8005739A1 /* TabBarViewController.swift in Sources */,
				2F9139DE2D255B40005739A1 /* AuthViewController.swift in Sources */,
				2F9139F62D255CF0005739A1 /* UserProfile.swift in Sources */,
				2F9139E62D255B8D005739A1 /* PlaylistViewController.swift in Sources */,
				2F9139F42D255CDF005739A1 /* Artist.swift in Sources */,
				2F9139DF2D255B40005739A1 /* SettingsViewController.swift in Sources */,
				2F9139E42D255B81005739A1 /* PlayerViewController.swift in Sources */,
				2F9139E82D255BC0005739A1 /* SearchResultViewController.swift in Sources */,
				2F9139EC2D255C38005739A1 /* APICaller.swift in Sources */,
				2F9139E02D255B40005739A1 /* WelcomeViewController.swift in Sources */,
			);
			runOnlyForDeploymentPostprocessing = 0;
		};
/* End PBXSourcesBuildPhase section */

/* Begin XCBuildConfiguration section */
		2F9139A22D255665005739A1 /* Debug */ = {
			isa = XCBuildConfiguration;
			buildSettings = {
				ASSETCATALOG_COMPILER_APPICON_NAME = AppIcon;
				ASSETCATALOG_COMPILER_GLOBAL_ACCENT_COLOR_NAME = AccentColor;
				CODE_SIGN_STYLE = Automatic;
				CURRENT_PROJECT_VERSION = 1;
				GENERATE_INFOPLIST_FILE = YES;
				INFOPLIST_FILE = Spotify/Info.plist;
				INFOPLIST_KEY_UIApplicationSupportsIndirectInputEvents = YES;
				INFOPLIST_KEY_UILaunchStoryboardName = LaunchScreen;
				INFOPLIST_KEY_UISupportedInterfaceOrientations_iPad = "UIInterfaceOrientationPortrait UIInterfaceOrientationPortraitUpsideDown UIInterfaceOrientationLandscapeLeft UIInterfaceOrientationLandscapeRight";
				INFOPLIST_KEY_UISupportedInterfaceOrientations_iPhone = "UIInterfaceOrientationPortrait UIInterfaceOrientationLandscapeLeft UIInterfaceOrientationLandscapeRight";
				LD_RUNPATH_SEARCH_PATHS = (
					"$(inherited)",
					"@executable_path/Frameworks",
				);
				MARKETING_VERSION = 1.0;
				PRODUCT_BUNDLE_IDENTIFIER = woogie.Spotify;
				PRODUCT_NAME = "$(TARGET_NAME)";
				SUPPORTED_PLATFORMS = "iphoneos iphonesimulator";
				SUPPORTS_MACCATALYST = NO;
				SUPPORTS_MAC_DESIGNED_FOR_IPHONE_IPAD = NO;
				SUPPORTS_XR_DESIGNED_FOR_IPHONE_IPAD = NO;
				SWIFT_EMIT_LOC_STRINGS = YES;
				SWIFT_VERSION = 5.0;
				TARGETED_DEVICE_FAMILY = 1;
			};
			name = Debug;
		};
		2F9139A32D255665005739A1 /* Release */ = {
			isa = XCBuildConfiguration;
			buildSettings = {
				ASSETCATALOG_COMPILER_APPICON_NAME = AppIcon;
				ASSETCATALOG_COMPILER_GLOBAL_ACCENT_COLOR_NAME = AccentColor;
				CODE_SIGN_STYLE = Automatic;
				CURRENT_PROJECT_VERSION = 1;
				GENERATE_INFOPLIST_FILE = YES;
				INFOPLIST_FILE = Spotify/Info.plist;
				INFOPLIST_KEY_UIApplicationSupportsIndirectInputEvents = YES;
				INFOPLIST_KEY_UILaunchStoryboardName = LaunchScreen;
				INFOPLIST_KEY_UISupportedInterfaceOrientations_iPad = "UIInterfaceOrientationPortrait UIInterfaceOrientationPortraitUpsideDown UIInterfaceOrientationLandscapeLeft UIInterfaceOrientationLandscapeRight";
				INFOPLIST_KEY_UISupportedInterfaceOrientations_iPhone = "UIInterfaceOrientationPortrait UIInterfaceOrientationLandscapeLeft UIInterfaceOrientationLandscapeRight";
				LD_RUNPATH_SEARCH_PATHS = (
					"$(inherited)",
					"@executable_path/Frameworks",
				);
				MARKETING_VERSION = 1.0;
				PRODUCT_BUNDLE_IDENTIFIER = woogie.Spotify;
				PRODUCT_NAME = "$(TARGET_NAME)";
				SUPPORTED_PLATFORMS = "iphoneos iphonesimulator";
				SUPPORTS_MACCATALYST = NO;
				SUPPORTS_MAC_DESIGNED_FOR_IPHONE_IPAD = NO;
				SUPPORTS_XR_DESIGNED_FOR_IPHONE_IPAD = NO;
				SWIFT_EMIT_LOC_STRINGS = YES;
				SWIFT_VERSION = 5.0;
				TARGETED_DEVICE_FAMILY = 1;
			};
			name = Release;
		};
		2F9139A42D255665005739A1 /* Debug */ = {
			isa = XCBuildConfiguration;
			buildSettings = {
				ALWAYS_SEARCH_USER_PATHS = NO;
				ASSETCATALOG_COMPILER_GENERATE_SWIFT_ASSET_SYMBOL_EXTENSIONS = YES;
				CLANG_ANALYZER_NONNULL = YES;
				CLANG_ANALYZER_NUMBER_OBJECT_CONVERSION = YES_AGGRESSIVE;
				CLANG_CXX_LANGUAGE_STANDARD = "gnu++20";
				CLANG_ENABLE_MODULES = YES;
				CLANG_ENABLE_OBJC_ARC = YES;
				CLANG_ENABLE_OBJC_WEAK = YES;
				CLANG_WARN_BLOCK_CAPTURE_AUTORELEASING = YES;
				CLANG_WARN_BOOL_CONVERSION = YES;
				CLANG_WARN_COMMA = YES;
				CLANG_WARN_CONSTANT_CONVERSION = YES;
				CLANG_WARN_DEPRECATED_OBJC_IMPLEMENTATIONS = YES;
				CLANG_WARN_DIRECT_OBJC_ISA_USAGE = YES_ERROR;
				CLANG_WARN_DOCUMENTATION_COMMENTS = YES;
				CLANG_WARN_EMPTY_BODY = YES;
				CLANG_WARN_ENUM_CONVERSION = YES;
				CLANG_WARN_INFINITE_RECURSION = YES;
				CLANG_WARN_INT_CONVERSION = YES;
				CLANG_WARN_NON_LITERAL_NULL_CONVERSION = YES;
				CLANG_WARN_OBJC_IMPLICIT_RETAIN_SELF = YES;
				CLANG_WARN_OBJC_LITERAL_CONVERSION = YES;
				CLANG_WARN_OBJC_ROOT_CLASS = YES_ERROR;
				CLANG_WARN_QUOTED_INCLUDE_IN_FRAMEWORK_HEADER = YES;
				CLANG_WARN_RANGE_LOOP_ANALYSIS = YES;
				CLANG_WARN_STRICT_PROTOTYPES = YES;
				CLANG_WARN_SUSPICIOUS_MOVE = YES;
				CLANG_WARN_UNGUARDED_AVAILABILITY = YES_AGGRESSIVE;
				CLANG_WARN_UNREACHABLE_CODE = YES;
				CLANG_WARN__DUPLICATE_METHOD_MATCH = YES;
				COPY_PHASE_STRIP = NO;
				DEBUG_INFORMATION_FORMAT = dwarf;
				ENABLE_STRICT_OBJC_MSGSEND = YES;
				ENABLE_TESTABILITY = YES;
				ENABLE_USER_SCRIPT_SANDBOXING = YES;
				GCC_C_LANGUAGE_STANDARD = gnu17;
				GCC_DYNAMIC_NO_PIC = NO;
				GCC_NO_COMMON_BLOCKS = YES;
				GCC_OPTIMIZATION_LEVEL = 0;
				GCC_PREPROCESSOR_DEFINITIONS = (
					"DEBUG=1",
					"$(inherited)",
				);
				GCC_WARN_64_TO_32_BIT_CONVERSION = YES;
				GCC_WARN_ABOUT_RETURN_TYPE = YES_ERROR;
				GCC_WARN_UNDECLARED_SELECTOR = YES;
				GCC_WARN_UNINITIALIZED_AUTOS = YES_AGGRESSIVE;
				GCC_WARN_UNUSED_FUNCTION = YES;
				GCC_WARN_UNUSED_VARIABLE = YES;
				IPHONEOS_DEPLOYMENT_TARGET = 18.1;
				LOCALIZATION_PREFERS_STRING_CATALOGS = YES;
				MTL_ENABLE_DEBUG_INFO = INCLUDE_SOURCE;
				MTL_FAST_MATH = YES;
				ONLY_ACTIVE_ARCH = YES;
				SDKROOT = iphoneos;
				SWIFT_ACTIVE_COMPILATION_CONDITIONS = "DEBUG $(inherited)";
				SWIFT_OPTIMIZATION_LEVEL = "-Onone";
			};
			name = Debug;
		};
		2F9139A52D255665005739A1 /* Release */ = {
			isa = XCBuildConfiguration;
			buildSettings = {
				ALWAYS_SEARCH_USER_PATHS = NO;
				ASSETCATALOG_COMPILER_GENERATE_SWIFT_ASSET_SYMBOL_EXTENSIONS = YES;
				CLANG_ANALYZER_NONNULL = YES;
				CLANG_ANALYZER_NUMBER_OBJECT_CONVERSION = YES_AGGRESSIVE;
				CLANG_CXX_LANGUAGE_STANDARD = "gnu++20";
				CLANG_ENABLE_MODULES = YES;
				CLANG_ENABLE_OBJC_ARC = YES;
				CLANG_ENABLE_OBJC_WEAK = YES;
				CLANG_WARN_BLOCK_CAPTURE_AUTORELEASING = YES;
				CLANG_WARN_BOOL_CONVERSION = YES;
				CLANG_WARN_COMMA = YES;
				CLANG_WARN_CONSTANT_CONVERSION = YES;
				CLANG_WARN_DEPRECATED_OBJC_IMPLEMENTATIONS = YES;
				CLANG_WARN_DIRECT_OBJC_ISA_USAGE = YES_ERROR;
				CLANG_WARN_DOCUMENTATION_COMMENTS = YES;
				CLANG_WARN_EMPTY_BODY = YES;
				CLANG_WARN_ENUM_CONVERSION = YES;
				CLANG_WARN_INFINITE_RECURSION = YES;
				CLANG_WARN_INT_CONVERSION = YES;
				CLANG_WARN_NON_LITERAL_NULL_CONVERSION = YES;
				CLANG_WARN_OBJC_IMPLICIT_RETAIN_SELF = YES;
				CLANG_WARN_OBJC_LITERAL_CONVERSION = YES;
				CLANG_WARN_OBJC_ROOT_CLASS = YES_ERROR;
				CLANG_WARN_QUOTED_INCLUDE_IN_FRAMEWORK_HEADER = YES;
				CLANG_WARN_RANGE_LOOP_ANALYSIS = YES;
				CLANG_WARN_STRICT_PROTOTYPES = YES;
				CLANG_WARN_SUSPICIOUS_MOVE = YES;
				CLANG_WARN_UNGUARDED_AVAILABILITY = YES_AGGRESSIVE;
				CLANG_WARN_UNREACHABLE_CODE = YES;
				CLANG_WARN__DUPLICATE_METHOD_MATCH = YES;
				COPY_PHASE_STRIP = NO;
				DEBUG_INFORMATION_FORMAT = "dwarf-with-dsym";
				ENABLE_NS_ASSERTIONS = NO;
				ENABLE_STRICT_OBJC_MSGSEND = YES;
				ENABLE_USER_SCRIPT_SANDBOXING = YES;
				GCC_C_LANGUAGE_STANDARD = gnu17;
				GCC_NO_COMMON_BLOCKS = YES;
				GCC_WARN_64_TO_32_BIT_CONVERSION = YES;
				GCC_WARN_ABOUT_RETURN_TYPE = YES_ERROR;
				GCC_WARN_UNDECLARED_SELECTOR = YES;
				GCC_WARN_UNINITIALIZED_AUTOS = YES_AGGRESSIVE;
				GCC_WARN_UNUSED_FUNCTION = YES;
				GCC_WARN_UNUSED_VARIABLE = YES;
				IPHONEOS_DEPLOYMENT_TARGET = 18.1;
				LOCALIZATION_PREFERS_STRING_CATALOGS = YES;
				MTL_ENABLE_DEBUG_INFO = NO;
				MTL_FAST_MATH = YES;
				SDKROOT = iphoneos;
				SWIFT_COMPILATION_MODE = wholemodule;
				VALIDATE_PRODUCT = YES;
			};
			name = Release;
		};
/* End XCBuildConfiguration section */

/* Begin XCConfigurationList section */
		2F9139892D255662005739A1 /* Build configuration list for PBXProject "Spotify" */ = {
			isa = XCConfigurationList;
			buildConfigurations = (
				2F9139A42D255665005739A1 /* Debug */,
				2F9139A52D255665005739A1 /* Release */,
			);
			defaultConfigurationIsVisible = 0;
			defaultConfigurationName = Release;
		};
		2F9139A12D255665005739A1 /* Build configuration list for PBXNativeTarget "Spotify" */ = {
			isa = XCConfigurationList;
			buildConfigurations = (
				2F9139A22D255665005739A1 /* Debug */,
				2F9139A32D255665005739A1 /* Release */,
			);
			defaultConfigurationIsVisible = 0;
			defaultConfigurationName = Release;
		};
/* End XCConfigurationList section */
	};
	rootObject = 2F9139862D255662005739A1 /* Project object */;
}
